# THIS IS AN AUTOGENERATED FILE. DO NOT EDIT THIS FILE DIRECTLY.
# yarn lockfile v1


"@module-federation/runtime-tools@0.5.1":
  version "0.5.1"
  resolved "https://registry.yarnpkg.com/@module-federation/runtime-tools/-/runtime-tools-0.5.1.tgz#1b1f93837159a6bf0c0ba78730d589a5a8f74aa3"
  integrity sha512-nfBedkoZ3/SWyO0hnmaxuz0R0iGPSikHZOAZ0N/dVSQaIzlffUo35B5nlC2wgWIc0JdMZfkwkjZRrnuuDIJbzg==
  dependencies:
    "@module-federation/runtime" "0.5.1"
    "@module-federation/webpack-bundler-runtime" "0.5.1"

"@module-federation/runtime@0.5.1":
  version "0.5.1"
  resolved "https://registry.yarnpkg.com/@module-federation/runtime/-/runtime-0.5.1.tgz#b548a75e2068952ff66ad717cbf73fc921edd5d7"
  integrity sha512-xgiMUWwGLWDrvZc9JibuEbXIbhXg6z2oUkemogSvQ4LKvrl/n0kbqP1Blk669mXzyWbqtSp6PpvNdwaE1aN5xQ==
  dependencies:
    "@module-federation/sdk" "0.5.1"

"@module-federation/sdk@0.5.1":
  version "0.5.1"
  resolved "https://registry.yarnpkg.com/@module-federation/sdk/-/sdk-0.5.1.tgz#6c0a4053c23fa84db7aae7e4736496c541de7191"
  integrity sha512-exvchtjNURJJkpqjQ3/opdbfeT2wPKvrbnGnyRkrwW5o3FH1LaST1tkiNviT6OXTexGaVc2DahbdniQHVtQ7pA==

"@module-federation/webpack-bundler-runtime@0.5.1":
  version "0.5.1"
  resolved "https://registry.yarnpkg.com/@module-federation/webpack-bundler-runtime/-/webpack-bundler-runtime-0.5.1.tgz#ef626af0d57e3568c474d66d7d3797366e09cafd"
  integrity sha512-mMhRFH0k2VjwHt3Jol9JkUsmI/4XlrAoBG3E0o7HoyoPYv1UFOWyqAflfANcUPgbYpvqmyLzDcO+3IT36LXnrA==
  dependencies:
    "@module-federation/runtime" "0.5.1"
    "@module-federation/sdk" "0.5.1"

"@rspack/binding-darwin-arm64@1.0.14":
  version "1.0.14"
  resolved "https://registry.yarnpkg.com/@rspack/binding-darwin-arm64/-/binding-darwin-arm64-1.0.14.tgz#b9d99fb71e047f5300a851614f89cb9d7168db3e"
  integrity sha512-dHvlF6T6ctThGDIdvkSdacroA1xlCxfteuppBj8BX/UxzLPr4xsaEtNilfJmFfd2/J02UQyTQauN/9EBuA+YkA==

"@rspack/binding-darwin-x64@1.0.14":
  version "1.0.14"
  resolved "https://registry.yarnpkg.com/@rspack/binding-darwin-x64/-/binding-darwin-x64-1.0.14.tgz#ddc40886f9a0321349e6be2e9469645ae87bbe36"
  integrity sha512-q4Da1Bn/4xTLhhnOkT+fjP2STsSCfp4z03/J/h8tCVG/UYz56Ud3q1UEOK33c5Fxw1C4GlhEh5yYOlSAdxFQLQ==

"@rspack/binding-linux-arm64-gnu@1.0.14":
  version "1.0.14"
  resolved "https://registry.yarnpkg.com/@rspack/binding-linux-arm64-gnu/-/binding-linux-arm64-gnu-1.0.14.tgz#2600e00adf5d1e09d7f0f476b3a01671e20731a7"
  integrity sha512-JogYtL3VQS9wJ3p3FNhDqinm7avrMsdwz4erP7YCjD7idob93GYAE7dPrHUzSNVnCBYXRaHJYZHDQs7lKVcYZw==

"@rspack/binding-linux-arm64-musl@1.0.14":
  version "1.0.14"
  resolved "https://registry.yarnpkg.com/@rspack/binding-linux-arm64-musl/-/binding-linux-arm64-musl-1.0.14.tgz#8c2624c1426ecc51c9bd4c74c8dcc8d7b0bdbc35"
  integrity sha512-qgybhxI/nnoa8CUz7zKTC0Oh37NZt9uRxsSV7+ZYrfxqbrVCoNVuutPpY724uUHy1M6W34kVEm1uT1N4Ka5cZg==

"@rspack/binding-linux-x64-gnu@1.0.14":
  version "1.0.14"
  resolved "https://registry.yarnpkg.com/@rspack/binding-linux-x64-gnu/-/binding-linux-x64-gnu-1.0.14.tgz#6636bf658304d246d617f01ae12f4cbe29097a62"
  integrity sha512-5vzaDRw3/sGKo3ax/1cU3/cxqNjajwlt2LU288vXNe1/n8oe/pcDfYcTugpOe/A1DqzadanudJszLpFcKsaFtQ==

"@rspack/binding-linux-x64-musl@1.0.14":
  version "1.0.14"
  resolved "https://registry.yarnpkg.com/@rspack/binding-linux-x64-musl/-/binding-linux-x64-musl-1.0.14.tgz#887c7f26876495f45842ebab874198db394dfd6f"
  integrity sha512-4U6QD9xVS1eGme52DuJr6Fg/KdcUfJ+iKwH49Up460dZ/fLvGylnVGA+V0mzPlKi8gfy7NwFuYXZdu3Pwi1YYg==

"@rspack/binding-win32-arm64-msvc@1.0.14":
  version "1.0.14"
  resolved "https://registry.yarnpkg.com/@rspack/binding-win32-arm64-msvc/-/binding-win32-arm64-msvc-1.0.14.tgz#cfde74d44a866ed42501d107349a56b7b0122042"
  integrity sha512-SjeYw7qqRHYZ5RPClu+ffKZsShQdU3amA1OwC3M0AS6dbfEcji8482St3Y8Z+QSzYRapCEZij9LMM/9ypEhISg==

"@rspack/binding-win32-ia32-msvc@1.0.14":
  version "1.0.14"
  resolved "https://registry.yarnpkg.com/@rspack/binding-win32-ia32-msvc/-/binding-win32-ia32-msvc-1.0.14.tgz#59532613cea22aa78928fb92b1a35347d780aaab"
  integrity sha512-m1gUiVyz3Z3VYIK/Ayo5CVHBjnEeRk9a+KIpKSsq1yhZItnMgjtr4bKabU9vjxalO4UoaSmVzODJI8lJBlnn5Q==

"@rspack/binding-win32-x64-msvc@1.0.14":
  version "1.0.14"
  resolved "https://registry.yarnpkg.com/@rspack/binding-win32-x64-msvc/-/binding-win32-x64-msvc-1.0.14.tgz#5bf023ba319dc748e54f8c23bcecab79703dc163"
  integrity sha512-Gbeg+bayMF9VP9xmlxySL/TC2XrS6/LZM/pqcNOTLHx6LMG/VXCcmKB0rOZo8MzLXEt8D/lQmQ/B6g7pSaAw0g==

"@rspack/binding@1.0.14":
  version "1.0.14"
  resolved "https://registry.yarnpkg.com/@rspack/binding/-/binding-1.0.14.tgz#60a04aca4369f7c4ca646e69cbeee75636a418ef"
  integrity sha512-0wWqFvr9hkF4LgNPgWfkTU0hhkZAMvOytoCs2p+wDX1Up1E/SgJ1U1JAsCxsl1XtUKm7mRvdWHzJmHbza3y89Q==
  optionalDependencies:
    "@rspack/binding-darwin-arm64" "1.0.14"
    "@rspack/binding-darwin-x64" "1.0.14"
    "@rspack/binding-linux-arm64-gnu" "1.0.14"
    "@rspack/binding-linux-arm64-musl" "1.0.14"
    "@rspack/binding-linux-x64-gnu" "1.0.14"
    "@rspack/binding-linux-x64-musl" "1.0.14"
    "@rspack/binding-win32-arm64-msvc" "1.0.14"
    "@rspack/binding-win32-ia32-msvc" "1.0.14"
    "@rspack/binding-win32-x64-msvc" "1.0.14"

"@rspack/core@^1.0.14":
  version "1.0.14"
  resolved "https://registry.yarnpkg.com/@rspack/core/-/core-1.0.14.tgz#7b7305391a488b5ac5dc28a82e9fb02b7ec3e8de"
  integrity sha512-xHl23lxJZNjItGc5YuE9alz3yjb56y7EgJmAcBMPHMqgjtUt8rBu4xd/cSUjbr9/lLF9N4hdyoJiPJOFs9LEjw==
  dependencies:
    "@module-federation/runtime-tools" "0.5.1"
    "@rspack/binding" "1.0.14"
    "@rspack/lite-tapable" "1.0.1"
    caniuse-lite "^1.0.30001616"

"@rspack/lite-tapable@1.0.1":
  version "1.0.1"
  resolved "https://registry.yarnpkg.com/@rspack/lite-tapable/-/lite-tapable-1.0.1.tgz#d4540a5d28bd6177164bc0ba0bee4bdec0458591"
  integrity sha512-VynGOEsVw2s8TAlLf/uESfrgfrq2+rcXB1muPJYBWbsm1Oa6r5qVQhjA5ggM6z/coYPrsVMgovl3Ff7Q7OCp1w==

caniuse-lite@^1.0.30001616:
  version "1.0.30001677"
  resolved "https://registry.yarnpkg.com/caniuse-lite/-/caniuse-lite-1.0.30001677.tgz#27c2e2c637e007cfa864a16f7dfe7cde66b38b5f"
  integrity sha512-fmfjsOlJUpMWu+mAAtZZZHz7UEwsUxIIvu1TJfO1HqFQvB/B+ii0xr9B5HpbZY/mC4XZ8SvjHJqtAY6pDPQEog==

tslib@^2.3.0:
  version "2.8.1"
  resolved "https://registry.yarnpkg.com/tslib/-/tslib-2.8.1.tgz#612efe4ed235d567e8aba5f2a5fab70280ade83f"
  integrity sha512-oJFu94HQb+KVduSUQL7wnpmqnfmLsOA/nAh6b6EH0wCEoK0/mPeXU6c3wKDV83MkOuHPRHtSXKKU99IBazS/2w==
